
Microsoft Visual Studio Solution File, Format Version 12.00
# Visual Studio Version 17
VisualStudioVersion = 17.5.2.0
MinimumVisualStudioVersion = 10.0.40219.1
Project("{FAE04EC0-301F-11D3-BF4B-00C04F79EFBC}") = "AuthAPI", "AuthAPI.csproj", "{C5DA5943-D912-74AD-49EC-F936C8A6100E}"
EndProject
Project("{2150E333-8FDC-42A3-9474-1A3956D46DE8}") = "tests", "tests", "{0AB3BF05-4346-4AA6-1389-037BE0695223}"
EndProject
Project("{FAE04EC0-301F-11D3-BF4B-00C04F79EFBC}") = "AuthAPI.Tests", "tests\AuthAPI.Tests\AuthAPI.Tests.csproj", "{4E952649-9AE2-457E-A491-E8E32A9EBF99}"
EndProject
Global
	GlobalSection(SolutionConfigurationPlatforms) = preSolution
		Debug|Any CPU = Debug|Any CPU
		Debug|x64 = Debug|x64
		Debug|x86 = Debug|x86
		Release|Any CPU = Release|Any CPU
		Release|x64 = Release|x64
		Release|x86 = Release|x86
	EndGlobalSection
	GlobalSection(ProjectConfigurationPlatforms) = postSolution
		{C5DA5943-D912-74AD-49EC-F936C8A6100E}.Debug|Any CPU.ActiveCfg = Debug|Any CPU
		{C5DA5943-D912-74AD-49EC-F936C8A6100E}.Debug|Any CPU.Build.0 = Debug|Any CPU
		{C5DA5943-D912-74AD-49EC-F936C8A6100E}.Debug|x64.ActiveCfg = Debug|Any CPU
		{C5DA5943-D912-74AD-49EC-F936C8A6100E}.Debug|x64.Build.0 = Debug|Any CPU
		{C5DA5943-D912-74AD-49EC-F936C8A6100E}.Debug|x86.ActiveCfg = Debug|Any CPU
		{C5DA5943-D912-74AD-49EC-F936C8A6100E}.Debug|x86.Build.0 = Debug|Any CPU
		{C5DA5943-D912-74AD-49EC-F936C8A6100E}.Release|Any CPU.ActiveCfg = Release|Any CPU
		{C5DA5943-D912-74AD-49EC-F936C8A6100E}.Release|Any CPU.Build.0 = Release|Any CPU
		{C5DA5943-D912-74AD-49EC-F936C8A6100E}.Release|x64.ActiveCfg = Release|Any CPU
		{C5DA5943-D912-74AD-49EC-F936C8A6100E}.Release|x64.Build.0 = Release|Any CPU
		{C5DA5943-D912-74AD-49EC-F936C8A6100E}.Release|x86.ActiveCfg = Release|Any CPU
		{C5DA5943-D912-74AD-49EC-F936C8A6100E}.Release|x86.Build.0 = Release|Any CPU
		{4E952649-9AE2-457E-A491-E8E32A9EBF99}.Debug|Any CPU.ActiveCfg = Debug|Any CPU
		{4E952649-9AE2-457E-A491-E8E32A9EBF99}.Debug|Any CPU.Build.0 = Debug|Any CPU
		{4E952649-9AE2-457E-A491-E8E32A9EBF99}.Debug|x64.ActiveCfg = Debug|Any CPU
		{4E952649-9AE2-457E-A491-E8E32A9EBF99}.Debug|x64.Build.0 = Debug|Any CPU
		{4E952649-9AE2-457E-A491-E8E32A9EBF99}.Debug|x86.ActiveCfg = Debug|Any CPU
		{4E952649-9AE2-457E-A491-E8E32A9EBF99}.Debug|x86.Build.0 = Debug|Any CPU
		{4E952649-9AE2-457E-A491-E8E32A9EBF99}.Release|Any CPU.ActiveCfg = Release|Any CPU
		{4E952649-9AE2-457E-A491-E8E32A9EBF99}.Release|Any CPU.Build.0 = Release|Any CPU
		{4E952649-9AE2-457E-A491-E8E32A9EBF99}.Release|x64.ActiveCfg = Release|Any CPU
		{4E952649-9AE2-457E-A491-E8E32A9EBF99}.Release|x64.Build.0 = Release|Any CPU
		{4E952649-9AE2-457E-A491-E8E32A9EBF99}.Release|x86.ActiveCfg = Release|Any CPU
		{4E952649-9AE2-457E-A491-E8E32A9EBF99}.Release|x86.Build.0 = Release|Any CPU
	EndGlobalSection
	GlobalSection(SolutionProperties) = preSolution
		HideSolutionNode = FALSE
	EndGlobalSection
	GlobalSection(NestedProjects) = preSolution
		{4E952649-9AE2-457E-A491-E8E32A9EBF99} = {0AB3BF05-4346-4AA6-1389-037BE0695223}
	EndGlobalSection
	GlobalSection(ExtensibilityGlobals) = postSolution
		SolutionGuid = {F160DB27-A31B-447A-95E2-BD97680B589D}
	EndGlobalSection
EndGlobal
